{
    "name": "nativescript-emoji-picker",
    "requires": true,
    "lockfileVersion": 1,
    "dependencies": {
        "@angular/core": {
            "version": "8.2.13",
            "resolved": "https://registry.npmjs.org/@angular/core/-/core-8.2.13.tgz",
            "integrity": "sha512-W8HN0lUQV4Sq85l17nhRIXeIfcw1ZdpgGm6to98pl0y9l/1srfzWfTnofuwCJC7gedt5AMrYJGUaNiDbByosFw==",
            "dev": true,
            "requires": {
                "tslib": "^1.9.0"
            }
        },
        "@nativescript/angular": {
            "version": "8.20.2",
            "resolved": "https://registry.npmjs.org/@nativescript/angular/-/angular-8.20.2.tgz",
            "integrity": "sha512-GUK8sbimobB7yOmT1x4PO+8Tvbgcyf2jUhobucT4LNWsmJTjs9Yz6QatZgv/qXCaTuoMoQFrt4loiTMmW0Rgzw==",
            "dev": true,
            "requires": {
                "nativescript-intl": "^3.0.0",
                "reflect-metadata": "^0.1.8"
            }
        },
        "nativescript-angular": {
            "version": "8.20.2",
            "resolved": "https://registry.npmjs.org/nativescript-angular/-/nativescript-angular-8.20.2.tgz",
            "integrity": "sha512-1JyF/2CiGjvExSkfHILGRMf8pv+t8hrJukMlXc4fjr26X/uJil3JduJs5EkZu9COUSpzLr9LanACJf46uqDnLA==",
            "dev": true,
            "requires": {
                "@nativescript/angular": "8.20.2"
            }
        },
        "nativescript-intl": {
            "version": "3.0.0",
            "resolved": "https://registry.npmjs.org/nativescript-intl/-/nativescript-intl-3.0.0.tgz",
            "integrity": "sha1-gu6b59N3Fys8QpVzRyMDdijhhqc=",
            "dev": true
        },
        "reflect-metadata": {
            "version": "0.1.13",
            "resolved": "https://registry.npmjs.org/reflect-metadata/-/reflect-metadata-0.1.13.tgz",
            "integrity": "sha512-Ts1Y/anZELhSsjMcU605fU9RE4Oi3p5ORujwbIKXfWa+0Zxs510Qrmrce5/Jowq3cHSZSJqBjypxmHarc+vEWg==",
            "dev": true
        },
        "tslib": {
            "version": "1.10.0",
            "resolved": "https://registry.npmjs.org/tslib/-/tslib-1.10.0.tgz",
            "integrity": "sha512-qOebF53frne81cf0S9B41ByenJ3/IuH8yJKngAX35CmiZySA0khhkovshKK+jGCaMnVomla7gVlIcc3EvKPbTQ==",
            "dev": true
        }
    }
}
