{
    "name": "nativescript-emoji-picker",
    "requires": true,
    "lockfileVersion": 1,
    "dependencies": {
        "@angular/core": {
            "version": "8.2.6",
            "resolved": "https://registry.npmjs.org/@angular/core/-/core-8.2.6.tgz",
            "integrity": "sha512-l+BrvPGwtPUh/rQyB9mjtonMsFEAoRHgDYWeQu/QukIZbItNdFqrhewn2zQ8Skx75BpwFLAVIVXp9ioDyvP2eQ==",
            "dev": true,
            "requires": {
                "tslib": "^1.9.0"
            }
        },
        "nativescript-angular": {
            "version": "8.2.1",
            "resolved": "https://registry.npmjs.org/nativescript-angular/-/nativescript-angular-8.2.1.tgz",
            "integrity": "sha512-J0Hk40uKHDu8UoKZxE6xsV7225FwCCmMNq2lgUO0dqNO6TD5NmNhYJAP3CGILPA5NbbNmqA/oDhw+fcvnx0l4Q==",
            "dev": true,
            "requires": {
                "nativescript-intl": "^3.0.0",
                "reflect-metadata": "^0.1.8"
            }
        },
        "nativescript-intl": {
            "version": "3.0.0",
            "resolved": "https://registry.npmjs.org/nativescript-intl/-/nativescript-intl-3.0.0.tgz",
            "integrity": "sha1-gu6b59N3Fys8QpVzRyMDdijhhqc=",
            "dev": true
        },
        "reflect-metadata": {
            "version": "0.1.13",
            "resolved": "https://registry.npmjs.org/reflect-metadata/-/reflect-metadata-0.1.13.tgz",
            "integrity": "sha512-Ts1Y/anZELhSsjMcU605fU9RE4Oi3p5ORujwbIKXfWa+0Zxs510Qrmrce5/Jowq3cHSZSJqBjypxmHarc+vEWg==",
            "dev": true
        },
        "tslib": {
            "version": "1.10.0",
            "resolved": "https://registry.npmjs.org/tslib/-/tslib-1.10.0.tgz",
            "integrity": "sha512-qOebF53frne81cf0S9B41ByenJ3/IuH8yJKngAX35CmiZySA0khhkovshKK+jGCaMnVomla7gVlIcc3EvKPbTQ==",
            "dev": true
        }
    }
}
